
Microsoft Visual Studio Solution File, Format Version 12.00
# Visual Studio Version 16
VisualStudioVersion = 16.0.29613.14
MinimumVisualStudioVersion = 10.0.40219.1
Project("{FAE04EC0-301F-11D3-BF4B-00C04F79EFBC}") = "ImprovedSwimming", "ImprovedSwimming\ImprovedSwimming.csproj", "{8661C546-860D-4CC9-8EB7-0D6D799293A1}"
EndProject
Global
	GlobalSection(SolutionConfigurationPlatforms) = preSolution
		Debug|Any CPU = Debug|Any CPU
		Release|Any CPU = Release|Any CPU
	EndGlobalSection
	GlobalSection(ProjectConfigurationPlatforms) = postSolution
		{8661C546-860D-4CC9-8EB7-0D6D799293A1}.Debug|Any CPU.ActiveCfg = Debug|Any CPU
		{8661C546-860D-4CC9-8EB7-0D6D799293A1}.Debug|Any CPU.Build.0 = Debug|Any CPU
		{8661C546-860D-4CC9-8EB7-0D6D799293A1}.Release|Any CPU.ActiveCfg = Release|Any CPU
		{8661C546-860D-4CC9-8EB7-0D6D799293A1}.Release|Any CPU.Build.0 = Release|Any CPU
	EndGlobalSection
	GlobalSection(SolutionProperties) = preSolution
		HideSolutionNode = FALSE
	EndGlobalSection
	GlobalSection(ExtensibilityGlobals) = postSolution
		SolutionGuid = {D53E47F3-485B-4BDB-92AA-024795ED815D}
	EndGlobalSection
EndGlobal
